
Microsoft Visual Studio Solution File, Format Version 12.00
# Visual Studio Version 17
VisualStudioVersion = 17.9.34714.143
MinimumVisualStudioVersion = 10.0.40219.1
Project("{FAE04EC0-301F-11D3-BF4B-00C04F79EFBC}") = "Application", "Application\Application.csproj", "{758400D4-A705-4431-8A3B-ACB468C01C15}"
EndProject
Project("{FAE04EC0-301F-11D3-BF4B-00C04F79EFBC}") = "infrastructure", "infrastructure\infrastructure.csproj", "{52D17338-9295-4640-91C5-BB9656744300}"
EndProject
Project("{FAE04EC0-301F-11D3-BF4B-00C04F79EFBC}") = "Domain", "Domain\Domain.csproj", "{B4C501AE-B698-4200-812D-62617F0470AB}"
EndProject
Project("{FAE04EC0-301F-11D3-BF4B-00C04F79EFBC}") = "WebUI", "WebUI\WebUI.csproj", "{CC1F55B8-F881-40BB-AB71-55E6886F0C3C}"
EndProject
Global
	GlobalSection(SolutionConfigurationPlatforms) = preSolution
		Debug|Any CPU = Debug|Any CPU
		Release|Any CPU = Release|Any CPU
	EndGlobalSection
	GlobalSection(ProjectConfigurationPlatforms) = postSolution
		{758400D4-A705-4431-8A3B-ACB468C01C15}.Debug|Any CPU.ActiveCfg = Debug|Any CPU
		{758400D4-A705-4431-8A3B-ACB468C01C15}.Debug|Any CPU.Build.0 = Debug|Any CPU
		{758400D4-A705-4431-8A3B-ACB468C01C15}.Release|Any CPU.ActiveCfg = Release|Any CPU
		{758400D4-A705-4431-8A3B-ACB468C01C15}.Release|Any CPU.Build.0 = Release|Any CPU
		{52D17338-9295-4640-91C5-BB9656744300}.Debug|Any CPU.ActiveCfg = Debug|Any CPU
		{52D17338-9295-4640-91C5-BB9656744300}.Debug|Any CPU.Build.0 = Debug|Any CPU
		{52D17338-9295-4640-91C5-BB9656744300}.Release|Any CPU.ActiveCfg = Release|Any CPU
		{52D17338-9295-4640-91C5-BB9656744300}.Release|Any CPU.Build.0 = Release|Any CPU
		{B4C501AE-B698-4200-812D-62617F0470AB}.Debug|Any CPU.ActiveCfg = Debug|Any CPU
		{B4C501AE-B698-4200-812D-62617F0470AB}.Debug|Any CPU.Build.0 = Debug|Any CPU
		{B4C501AE-B698-4200-812D-62617F0470AB}.Release|Any CPU.ActiveCfg = Release|Any CPU
		{B4C501AE-B698-4200-812D-62617F0470AB}.Release|Any CPU.Build.0 = Release|Any CPU
		{CC1F55B8-F881-40BB-AB71-55E6886F0C3C}.Debug|Any CPU.ActiveCfg = Debug|Any CPU
		{CC1F55B8-F881-40BB-AB71-55E6886F0C3C}.Debug|Any CPU.Build.0 = Debug|Any CPU
		{CC1F55B8-F881-40BB-AB71-55E6886F0C3C}.Release|Any CPU.ActiveCfg = Release|Any CPU
		{CC1F55B8-F881-40BB-AB71-55E6886F0C3C}.Release|Any CPU.Build.0 = Release|Any CPU
	EndGlobalSection
	GlobalSection(SolutionProperties) = preSolution
		HideSolutionNode = FALSE
	EndGlobalSection
	GlobalSection(ExtensibilityGlobals) = postSolution
		SolutionGuid = {C91BB1F3-3774-405F-8F48-E076DD97733B}
	EndGlobalSection
EndGlobal
